
Microsoft Visual Studio Solution File, Format Version 12.00
# Visual Studio Version 16
VisualStudioVersion = 16.0.29613.14
MinimumVisualStudioVersion = 10.0.40219.1
Project("{FAE04EC0-301F-11D3-BF4B-00C04F79EFBC}") = "WebAppProjeto01", "WebAppProjeto01\WebAppProjeto01.csproj", "{9A2A3A9D-2627-4589-A1AC-F77BA8358A98}"
EndProject
Project("{FAE04EC0-301F-11D3-BF4B-00C04F79EFBC}") = "Modelo", "Modelo\Modelo.csproj", "{525BD695-6CEC-4B9F-A5C8-E9833F41D831}"
EndProject
Global
	GlobalSection(SolutionConfigurationPlatforms) = preSolution
		Debug|Any CPU = Debug|Any CPU
		Release|Any CPU = Release|Any CPU
	EndGlobalSection
	GlobalSection(ProjectConfigurationPlatforms) = postSolution
		{9A2A3A9D-2627-4589-A1AC-F77BA8358A98}.Debug|Any CPU.ActiveCfg = Debug|Any CPU
		{9A2A3A9D-2627-4589-A1AC-F77BA8358A98}.Debug|Any CPU.Build.0 = Debug|Any CPU
		{9A2A3A9D-2627-4589-A1AC-F77BA8358A98}.Release|Any CPU.ActiveCfg = Release|Any CPU
		{9A2A3A9D-2627-4589-A1AC-F77BA8358A98}.Release|Any CPU.Build.0 = Release|Any CPU
		{525BD695-6CEC-4B9F-A5C8-E9833F41D831}.Debug|Any CPU.ActiveCfg = Debug|Any CPU
		{525BD695-6CEC-4B9F-A5C8-E9833F41D831}.Debug|Any CPU.Build.0 = Debug|Any CPU
		{525BD695-6CEC-4B9F-A5C8-E9833F41D831}.Release|Any CPU.ActiveCfg = Release|Any CPU
		{525BD695-6CEC-4B9F-A5C8-E9833F41D831}.Release|Any CPU.Build.0 = Release|Any CPU
	EndGlobalSection
	GlobalSection(SolutionProperties) = preSolution
		HideSolutionNode = FALSE
	EndGlobalSection
	GlobalSection(ExtensibilityGlobals) = postSolution
		SolutionGuid = {BD5248F5-D497-4FE0-BDF3-1C23AA519032}
	EndGlobalSection
EndGlobal
